{
    "name": "step-3",
    "version": "1.0.0",
    "lockfileVersion": 2,
    "requires": true,
    "packages": {
        "": {
            "name": "step-3",
            "version": "1.0.0",
            "license": "MIT",
            "dependencies": {
                "adm-zip": "^0.5.9"
            }
        },
        "node_modules/adm-zip": {
            "version": "0.5.9",
            "license": "MIT",
            "engines": {
                "node": ">=6.0"
            }
        }
    },
    "dependencies": {
        "adm-zip": {
            "version": "0.5.9"
        }
    }
}
